{
  "name": "jinhui",
  "version": "1.0.0",
  "lockfileVersion": 1,
  "requires": true,
  "dependencies": {
    "@vant/weapp": {
      "version": "1.0.5",
      "resolved": "https://registry.npmjs.org/@vant/weapp/-/weapp-1.0.5.tgz",
      "integrity": "sha512-YRgrkAKKVPW6AOGUaiYxjNfl4JS/2LLFCf75QSaSj6Q81c9BknQyOwbQ/h2IuinnM558YZwGYhJ7gT1PLJ7wjg=="
    },
    "weui-miniprogram": {
      "version": "0.2.1",
      "resolved": "https://registry.npmjs.org/weui-miniprogram/-/weui-miniprogram-0.2.1.tgz",
      "integrity": "sha512-Of/r4QwmlzMwvpW9BQHcL/KW3WV5kw+7yxCFSob3UIqMpwLxKHuBrQajuCVkM3CbqxIpc0XWyDYnpCWk3VkLYg=="
    }
  }
}
